
Microsoft Visual Studio Solution File, Format Version 12.00
# Visual Studio Version 16
VisualStudioVersion = 16.0.29020.237
MinimumVisualStudioVersion = 10.0.40219.1
Project("{FAE04EC0-301F-11D3-BF4B-00C04F79EFBC}") = "CourseProject", "CourseProject\CourseProject.csproj", "{DAC93D0E-D827-40C6-A3B1-9F7963B6D500}"
EndProject
Global
	GlobalSection(SolutionConfigurationPlatforms) = preSolution
		Debug|Any CPU = Debug|Any CPU
		Release|Any CPU = Release|Any CPU
	EndGlobalSection
	GlobalSection(ProjectConfigurationPlatforms) = postSolution
		{DAC93D0E-D827-40C6-A3B1-9F7963B6D500}.Debug|Any CPU.ActiveCfg = Debug|Any CPU
		{DAC93D0E-D827-40C6-A3B1-9F7963B6D500}.Debug|Any CPU.Build.0 = Debug|Any CPU
		{DAC93D0E-D827-40C6-A3B1-9F7963B6D500}.Release|Any CPU.ActiveCfg = Release|Any CPU
		{DAC93D0E-D827-40C6-A3B1-9F7963B6D500}.Release|Any CPU.Build.0 = Release|Any CPU
	EndGlobalSection
	GlobalSection(SolutionProperties) = preSolution
		HideSolutionNode = FALSE
	EndGlobalSection
	GlobalSection(ExtensibilityGlobals) = postSolution
		SolutionGuid = {59489689-BC8A-4832-B07C-466EF4FE9F64}
	EndGlobalSection
EndGlobal
